{
  "lockfileVersion": 1,
  "configVersion": 1,
  "workspaces": {
    "": {
      "name": "ai-sdk-bench",
      "dependencies": {
        "@ai-sdk/anthropic": "^2.0.53",
        "ai": "^6.0.0-beta.134",
        "zod": "^4.1.13",
      },
      "devDependencies": {
        "@types/bun": "^1.3.3",
      },
      "peerDependencies": {
        "typescript": "^5",
      },
    },
  },
  "packages": {
    "@ai-sdk/anthropic": ["@ai-sdk/anthropic@2.0.53", "", { "dependencies": { "@ai-sdk/provider": "2.0.0", "@ai-sdk/provider-utils": "3.0.18" }, "peerDependencies": { "zod": "^3.25.76 || ^4.1.8" } }, "sha512-ih7NV+OFSNWZCF+tYYD7ovvvM+gv7TRKQblpVohg2ipIwC9Y0TirzocJVREzZa/v9luxUwFbsPji++DUDWWxsg=="],

    "@ai-sdk/gateway": ["@ai-sdk/gateway@2.0.0-beta.72", "", { "dependencies": { "@ai-sdk/provider": "3.0.0-beta.24", "@ai-sdk/provider-utils": "4.0.0-beta.43", "@vercel/oidc": "3.0.5" }, "peerDependencies": { "zod": "^3.25.76 || ^4.1.8" } }, "sha512-5Lw5KoI6Xt51fiQcWUcgnQr1WssnqWcPoBHL3Urt2qDgayVZhVf4G5n232MzpSesJHCwoYSUprDaAKkzrYeDAQ=="],

    "@ai-sdk/provider": ["@ai-sdk/provider@2.0.0", "", { "dependencies": { "json-schema": "^0.4.0" } }, "sha512-6o7Y2SeO9vFKB8lArHXehNuusnpddKPk7xqL7T2/b+OvXMRIXUO1rR4wcv1hAFUAT9avGZshty3Wlua/XA7TvA=="],

    "@ai-sdk/provider-utils": ["@ai-sdk/provider-utils@3.0.18", "", { "dependencies": { "@ai-sdk/provider": "2.0.0", "@standard-schema/spec": "^1.0.0", "eventsource-parser": "^3.0.6" }, "peerDependencies": { "zod": "^3.25.76 || ^4.1.8" } }, "sha512-ypv1xXMsgGcNKUP+hglKqtdDuMg68nWHucPPAhIENrbFAI+xCHiqPVN8Zllxyv1TNZwGWUghPxJXU+Mqps0YRQ=="],

    "@opentelemetry/api": ["@opentelemetry/api@1.9.0", "", {}, "sha512-3giAOQvZiH5F9bMlMiv8+GSPMeqg0dbaeo58/0SlA9sxSqZhnUtxzX9/2FzyhS9sWQf5S0GJE0AKBrFqjpeYcg=="],

    "@standard-schema/spec": ["@standard-schema/spec@1.0.0", "", {}, "sha512-m2bOd0f2RT9k8QJx1JN85cZYyH1RqFBdlwtkSlf4tBDYLCiiZnv1fIIwacK6cqwXavOydf0NPToMQgpKq+dVlA=="],

    "@types/bun": ["@types/bun@1.3.3", "", { "dependencies": { "bun-types": "1.3.3" } }, "sha512-ogrKbJ2X5N0kWLLFKeytG0eHDleBYtngtlbu9cyBKFtNL3cnpDZkNdQj8flVf6WTZUX5ulI9AY1oa7ljhSrp+g=="],

    "@types/node": ["@types/node@24.10.1", "", { "dependencies": { "undici-types": "~7.16.0" } }, "sha512-GNWcUTRBgIRJD5zj+Tq0fKOJ5XZajIiBroOF0yvj2bSU1WvNdYS/dn9UxwsujGW4JX06dnHyjV2y9rRaybH0iQ=="],

    "@vercel/oidc": ["@vercel/oidc@3.0.5", "", {}, "sha512-fnYhv671l+eTTp48gB4zEsTW/YtRgRPnkI2nT7x6qw5rkI1Lq2hTmQIpHPgyThI0znLK+vX2n9XxKdXZ7BUbbw=="],

    "ai": ["ai@6.0.0-beta.134", "", { "dependencies": { "@ai-sdk/gateway": "2.0.0-beta.72", "@ai-sdk/provider": "3.0.0-beta.24", "@ai-sdk/provider-utils": "4.0.0-beta.43", "@opentelemetry/api": "1.9.0" }, "peerDependencies": { "zod": "^3.25.76 || ^4.1.8" } }, "sha512-AdPkCBuZld2bF77r/Oh5TqTffkJieEf7/SZB1++ZeTnqNnvLhbxBiu81HZfSwCVlpwSDwANZaEd6AKXgkRASbw=="],

    "bun-types": ["bun-types@1.3.3", "", { "dependencies": { "@types/node": "*" } }, "sha512-z3Xwlg7j2l9JY27x5Qn3Wlyos8YAp0kKRlrePAOjgjMGS5IG6E7Jnlx736vH9UVI4wUICwwhC9anYL++XeOgTQ=="],

    "eventsource-parser": ["eventsource-parser@3.0.6", "", {}, "sha512-Vo1ab+QXPzZ4tCa8SwIHJFaSzy4R6SHf7BY79rFBDf0idraZWAkYrDjDj8uWaSm3S2TK+hJ7/t1CEmZ7jXw+pg=="],

    "json-schema": ["json-schema@0.4.0", "", {}, "sha512-es94M3nTIfsEPisRafak+HDLfHXnKBhV3vU5eqPcS3flIWqcxJWgXHXiey3YrpaNsanY5ei1VoYEbOzijuq9BA=="],

    "typescript": ["typescript@5.9.3", "", { "bin": { "tsc": "bin/tsc", "tsserver": "bin/tsserver" } }, "sha512-jl1vZzPDinLr9eUt3J/t7V6FgNEw9QjvBPdysz9KfQDD41fQrC2Y4vKQdiaUpFT4bXlb1RHhLpp8wtm6M5TgSw=="],

    "undici-types": ["undici-types@7.16.0", "", {}, "sha512-Zz+aZWSj8LE6zoxD+xrjh4VfkIG8Ya6LvYkZqtUQGJPZjYl53ypCaUwWqo7eI0x66KBGeRo+mlBEkMSeSZ38Nw=="],

    "zod": ["zod@4.1.13", "", {}, "sha512-AvvthqfqrAhNH9dnfmrfKzX5upOdjUVJYFqNSlkmGf64gRaTzlPwz99IHYnVs28qYAybvAlBV+H7pn0saFY4Ig=="],

    "@ai-sdk/gateway/@ai-sdk/provider": ["@ai-sdk/provider@3.0.0-beta.24", "", { "dependencies": { "json-schema": "^0.4.0" } }, "sha512-lYBjT2+8+2auq1mUs5oMrQs4O9COzHty/QukjrjBLRjkmeb9WeTQVVi0oeEGXf3yTdeY2eSwYOdz+H4zRHsacg=="],

    "@ai-sdk/gateway/@ai-sdk/provider-utils": ["@ai-sdk/provider-utils@4.0.0-beta.43", "", { "dependencies": { "@ai-sdk/provider": "3.0.0-beta.24", "@standard-schema/spec": "^1.0.0", "eventsource-parser": "^3.0.6" }, "peerDependencies": { "@valibot/to-json-schema": "^1.3.0", "arktype": "^2.1.22", "effect": "^3.18.4", "zod": "^3.25.76 || ^4.1.8" }, "optionalPeers": ["@valibot/to-json-schema", "arktype", "effect"] }, "sha512-Lp3G7mQ/ruwg9PnhPz5enR9zuE6sjPnczoZhdX+O8senHWdmiJ1vAY9Tqijd9DEbZV5J11DVowniVRBeQSXCiw=="],

    "ai/@ai-sdk/provider": ["@ai-sdk/provider@3.0.0-beta.24", "", { "dependencies": { "json-schema": "^0.4.0" } }, "sha512-lYBjT2+8+2auq1mUs5oMrQs4O9COzHty/QukjrjBLRjkmeb9WeTQVVi0oeEGXf3yTdeY2eSwYOdz+H4zRHsacg=="],

    "ai/@ai-sdk/provider-utils": ["@ai-sdk/provider-utils@4.0.0-beta.43", "", { "dependencies": { "@ai-sdk/provider": "3.0.0-beta.24", "@standard-schema/spec": "^1.0.0", "eventsource-parser": "^3.0.6" }, "peerDependencies": { "@valibot/to-json-schema": "^1.3.0", "arktype": "^2.1.22", "effect": "^3.18.4", "zod": "^3.25.76 || ^4.1.8" }, "optionalPeers": ["@valibot/to-json-schema", "arktype", "effect"] }, "sha512-Lp3G7mQ/ruwg9PnhPz5enR9zuE6sjPnczoZhdX+O8senHWdmiJ1vAY9Tqijd9DEbZV5J11DVowniVRBeQSXCiw=="],
  }
}
